
Microsoft Visual Studio Solution File, Format Version 12.00
# Visual Studio Version 16
VisualStudioVersion = 16.0.32002.261
MinimumVisualStudioVersion = 10.0.40219.1
Project("{FAE04EC0-301F-11D3-BF4B-00C04F79EFBC}") = "MovieDB", "MovieDB\MovieDB.csproj", "{B32128FE-C3BB-4A22-AE8C-480A8F9DF258}"
EndProject
Global
	GlobalSection(SolutionConfigurationPlatforms) = preSolution
		Debug|Any CPU = Debug|Any CPU
		Release|Any CPU = Release|Any CPU
	EndGlobalSection
	GlobalSection(ProjectConfigurationPlatforms) = postSolution
		{B32128FE-C3BB-4A22-AE8C-480A8F9DF258}.Debug|Any CPU.ActiveCfg = Debug|Any CPU
		{B32128FE-C3BB-4A22-AE8C-480A8F9DF258}.Debug|Any CPU.Build.0 = Debug|Any CPU
		{B32128FE-C3BB-4A22-AE8C-480A8F9DF258}.Release|Any CPU.ActiveCfg = Release|Any CPU
		{B32128FE-C3BB-4A22-AE8C-480A8F9DF258}.Release|Any CPU.Build.0 = Release|Any CPU
	EndGlobalSection
	GlobalSection(SolutionProperties) = preSolution
		HideSolutionNode = FALSE
	EndGlobalSection
	GlobalSection(ExtensibilityGlobals) = postSolution
		SolutionGuid = {E5EAF4B6-C04B-44DE-9541-6EFA03C2C09A}
	EndGlobalSection
EndGlobal
